// !$*UTF8*$!
{
	archiveVersion = 1;
	classes = {
	};
	objectVersion = 55;
	objects = {

/* Begin PBXBuildFile section */
		325AE7C57534E2535CFC3163 /* Pods_appbox.framework in Frameworks */ = {isa = PBXBuildFile; fileRef = D2FD906D83A258ABD572E119 /* Pods_appbox.framework */; };
		4B3592644D64F4900C7EC348 /* Pods_appboxTests.framework in Frameworks */ = {isa = PBXBuildFile; fileRef = B6785D8B92C2E714F7A896AE /* Pods_appboxTests.framework */; };
		5D1EFD7428D8D87D00A25072 /* AppDelegate.swift in Sources */ = {isa = PBXBuildFile; fileRef = 5D1EFD7328D8D87D00A25072 /* AppDelegate.swift */; };
		5D1EFD7628D8D87D00A25072 /* SceneDelegate.swift in Sources */ = {isa = PBXBuildFile; fileRef = 5D1EFD7528D8D87D00A25072 /* SceneDelegate.swift */; };
		5D1EFD7828D8D87D00A25072 /* LoginVC.swift in Sources */ = {isa = PBXBuildFile; fileRef = 5D1EFD7728D8D87D00A25072 /* LoginVC.swift */; };
		5D1EFD7E28D8D87D00A25072 /* appbox.xcdatamodeld in Sources */ = {isa = PBXBuildFile; fileRef = 5D1EFD7C28D8D87D00A25072 /* appbox.xcdatamodeld */; };
		5D1EFD8028D8D87E00A25072 /* Assets.xcassets in Resources */ = {isa = PBXBuildFile; fileRef = 5D1EFD7F28D8D87E00A25072 /* Assets.xcassets */; };
		5D1EFD8328D8D87E00A25072 /* LaunchScreen.storyboard in Resources */ = {isa = PBXBuildFile; fileRef = 5D1EFD8128D8D87E00A25072 /* LaunchScreen.storyboard */; };
		5D1EFD8E28D8D87E00A25072 /* appboxTests.swift in Sources */ = {isa = PBXBuildFile; fileRef = 5D1EFD8D28D8D87E00A25072 /* appboxTests.swift */; };
		5D1EFD9828D8D87E00A25072 /* appboxUITests.swift in Sources */ = {isa = PBXBuildFile; fileRef = 5D1EFD9728D8D87E00A25072 /* appboxUITests.swift */; };
		5D1EFD9A28D8D87E00A25072 /* appboxUITestsLaunchTests.swift in Sources */ = {isa = PBXBuildFile; fileRef = 5D1EFD9928D8D87E00A25072 /* appboxUITestsLaunchTests.swift */; };
		5D1EFDA728D8DBD400A25072 /* LoginScreen.swift in Sources */ = {isa = PBXBuildFile; fileRef = 5D1EFDA628D8DBD400A25072 /* LoginScreen.swift */; };
		60A40EBE683742505D83B7BD /* Pods_appbox_appboxUITests.framework in Frameworks */ = {isa = PBXBuildFile; fileRef = 151EF2ACF0E1ED586FACD88E /* Pods_appbox_appboxUITests.framework */; };
/* End PBXBuildFile section */

/* Begin PBXContainerItemProxy section */
		5D1EFD8A28D8D87E00A25072 /* PBXContainerItemProxy */ = {
			isa = PBXContainerItemProxy;
			containerPortal = 5D1EFD6828D8D87D00A25072 /* Project object */;
			proxyType = 1;
			remoteGlobalIDString = 5D1EFD6F28D8D87D00A25072;
			remoteInfo = appbox;
		};
		5D1EFD9428D8D87E00A25072 /* PBXContainerItemProxy */ = {
			isa = PBXContainerItemProxy;
			containerPortal = 5D1EFD6828D8D87D00A25072 /* Project object */;
			proxyType = 1;
			remoteGlobalIDString = 5D1EFD6F28D8D87D00A25072;
			remoteInfo = appbox;
		};
/* End PBXContainerItemProxy section */

/* Begin PBXFileReference section */
		14D141663FBA16BEAB8DC454 /* Pods-appbox-appboxUITests.release.xcconfig */ = {isa = PBXFileReference; includeInIndex = 1; lastKnownFileType = text.xcconfig; name = "Pods-appbox-appboxUITests.release.xcconfig"; path = "Target Support Files/Pods-appbox-appboxUITests/Pods-appbox-appboxUITests.release.xcconfig"; sourceTree = "<group>"; };
		151EF2ACF0E1ED586FACD88E /* Pods_appbox_appboxUITests.framework */ = {isa = PBXFileReference; explicitFileType = wrapper.framework; includeInIndex = 0; path = Pods_appbox_appboxUITests.framework; sourceTree = BUILT_PRODUCTS_DIR; };
		4AB111379C214E539435CD93 /* Pods-appboxTests.debug.xcconfig */ = {isa = PBXFileReference; includeInIndex = 1; lastKnownFileType = text.xcconfig; name = "Pods-appboxTests.debug.xcconfig"; path = "Target Support Files/Pods-appboxTests/Pods-appboxTests.debug.xcconfig"; sourceTree = "<group>"; };
		5D1EFD7028D8D87D00A25072 /* appbox.app */ = {isa = PBXFileReference; explicitFileType = wrapper.application; includeInIndex = 0; path = appbox.app; sourceTree = BUILT_PRODUCTS_DIR; };
		5D1EFD7328D8D87D00A25072 /* AppDelegate.swift */ = {isa = PBXFileReference; lastKnownFileType = sourcecode.swift; path = AppDelegate.swift; sourceTree = "<group>"; };
		5D1EFD7528D8D87D00A25072 /* SceneDelegate.swift */ = {isa = PBXFileReference; lastKnownFileType = sourcecode.swift; path = SceneDelegate.swift; sourceTree = "<group>"; };
		5D1EFD7728D8D87D00A25072 /* LoginVC.swift */ = {isa = PBXFileReference; lastKnownFileType = sourcecode.swift; path = LoginVC.swift; sourceTree = "<group>"; };
		5D1EFD7D28D8D87D00A25072 /* appbox.xcdatamodel */ = {isa = PBXFileReference; lastKnownFileType = wrapper.xcdatamodel; path = appbox.xcdatamodel; sourceTree = "<group>"; };
		5D1EFD7F28D8D87E00A25072 /* Assets.xcassets */ = {isa = PBXFileReference; lastKnownFileType = folder.assetcatalog; path = Assets.xcassets; sourceTree = "<group>"; };
		5D1EFD8228D8D87E00A25072 /* Base */ = {isa = PBXFileReference; lastKnownFileType = file.storyboard; name = Base; path = Base.lproj/LaunchScreen.storyboard; sourceTree = "<group>"; };
		5D1EFD8428D8D87E00A25072 /* Info.plist */ = {isa = PBXFileReference; lastKnownFileType = text.plist.xml; path = Info.plist; sourceTree = "<group>"; };
		5D1EFD8928D8D87E00A25072 /* appboxTests.xctest */ = {isa = PBXFileReference; explicitFileType = wrapper.cfbundle; includeInIndex = 0; path = appboxTests.xctest; sourceTree = BUILT_PRODUCTS_DIR; };
		5D1EFD8D28D8D87E00A25072 /* appboxTests.swift */ = {isa = PBXFileReference; lastKnownFileType = sourcecode.swift; path = appboxTests.swift; sourceTree = "<group>"; };
		5D1EFD9328D8D87E00A25072 /* appboxUITests.xctest */ = {isa = PBXFileReference; explicitFileType = wrapper.cfbundle; includeInIndex = 0; path = appboxUITests.xctest; sourceTree = BUILT_PRODUCTS_DIR; };
		5D1EFD9728D8D87E00A25072 /* appboxUITests.swift */ = {isa = PBXFileReference; lastKnownFileType = sourcecode.swift; path = appboxUITests.swift; sourceTree = "<group>"; };
		5D1EFD9928D8D87E00A25072 /* appboxUITestsLaunchTests.swift */ = {isa = PBXFileReference; lastKnownFileType = sourcecode.swift; path = appboxUITestsLaunchTests.swift; sourceTree = "<group>"; };
		5D1EFDA628D8DBD400A25072 /* LoginScreen.swift */ = {isa = PBXFileReference; lastKnownFileType = sourcecode.swift; path = LoginScreen.swift; sourceTree = "<group>"; };
		840741529269A7FA83FA0267 /* Pods-appboxTests.release.xcconfig */ = {isa = PBXFileReference; includeInIndex = 1; lastKnownFileType = text.xcconfig; name = "Pods-appboxTests.release.xcconfig"; path = "Target Support Files/Pods-appboxTests/Pods-appboxTests.release.xcconfig"; sourceTree = "<group>"; };
		A9BA3EB12A1A9C0C4611BE52 /* Pods-appbox.debug.xcconfig */ = {isa = PBXFileReference; includeInIndex = 1; lastKnownFileType = text.xcconfig; name = "Pods-appbox.debug.xcconfig"; path = "Target Support Files/Pods-appbox/Pods-appbox.debug.xcconfig"; sourceTree = "<group>"; };
		B2725014E4F632B1C5AD20AA /* Pods-appbox-appboxUITests.debug.xcconfig */ = {isa = PBXFileReference; includeInIndex = 1; lastKnownFileType = text.xcconfig; name = "Pods-appbox-appboxUITests.debug.xcconfig"; path = "Target Support Files/Pods-appbox-appboxUITests/Pods-appbox-appboxUITests.debug.xcconfig"; sourceTree = "<group>"; };
		B6785D8B92C2E714F7A896AE /* Pods_appboxTests.framework */ = {isa = PBXFileReference; explicitFileType = wrapper.framework; includeInIndex = 0; path = Pods_appboxTests.framework; sourceTree = BUILT_PRODUCTS_DIR; };
		CC7DB853CE8AD8A6782AC42A /* Pods-appbox.release.xcconfig */ = {isa = PBXFileReference; includeInIndex = 1; lastKnownFileType = text.xcconfig; name = "Pods-appbox.release.xcconfig"; path = "Target Support Files/Pods-appbox/Pods-appbox.release.xcconfig"; sourceTree = "<group>"; };
		D2FD906D83A258ABD572E119 /* Pods_appbox.framework */ = {isa = PBXFileReference; explicitFileType = wrapper.framework; includeInIndex = 0; path = Pods_appbox.framework; sourceTree = BUILT_PRODUCTS_DIR; };
/* End PBXFileReference section */

/* Begin PBXFrameworksBuildPhase section */
		5D1EFD6D28D8D87D00A25072 /* Frameworks */ = {
			isa = PBXFrameworksBuildPhase;
			buildActionMask = 2147483647;
			files = (
				325AE7C57534E2535CFC3163 /* Pods_appbox.framework in Frameworks */,
			);
			runOnlyForDeploymentPostprocessing = 0;
		};
		5D1EFD8628D8D87E00A25072 /* Frameworks */ = {
			isa = PBXFrameworksBuildPhase;
			buildActionMask = 2147483647;
			files = (
				4B3592644D64F4900C7EC348 /* Pods_appboxTests.framework in Frameworks */,
			);
			runOnlyForDeploymentPostprocessing = 0;
		};
		5D1EFD9028D8D87E00A25072 /* Frameworks */ = {
			isa = PBXFrameworksBuildPhase;
			buildActionMask = 2147483647;
			files = (
				60A40EBE683742505D83B7BD /* Pods_appbox_appboxUITests.framework in Frameworks */,
			);
			runOnlyForDeploymentPostprocessing = 0;
		};
/* End PBXFrameworksBuildPhase section */

/* Begin PBXGroup section */
		5D1EFD6728D8D87D00A25072 = {
			isa = PBXGroup;
			children = (
				5D1EFD7228D8D87D00A25072 /* appbox */,
				5D1EFD8C28D8D87E00A25072 /* appboxTests */,
				5D1EFD9628D8D87E00A25072 /* appboxUITests */,
				5D1EFD7128D8D87D00A25072 /* Products */,
				A3E466B61297ACB943C3B3D2 /* Pods */,
				9EF0068D1A92590BD33A5FD7 /* Frameworks */,
			);
			sourceTree = "<group>";
		};
		5D1EFD7128D8D87D00A25072 /* Products */ = {
			isa = PBXGroup;
			children = (
				5D1EFD7028D8D87D00A25072 /* appbox.app */,
				5D1EFD8928D8D87E00A25072 /* appboxTests.xctest */,
				5D1EFD9328D8D87E00A25072 /* appboxUITests.xctest */,
			);
			name = Products;
			sourceTree = "<group>";
		};
		5D1EFD7228D8D87D00A25072 /* appbox */ = {
			isa = PBXGroup;
			children = (
				5D1EFD7328D8D87D00A25072 /* AppDelegate.swift */,
				5D1EFD7528D8D87D00A25072 /* SceneDelegate.swift */,
				5D1EFD7728D8D87D00A25072 /* LoginVC.swift */,
				5D1EFDA628D8DBD400A25072 /* LoginScreen.swift */,
				5D1EFD7F28D8D87E00A25072 /* Assets.xcassets */,
				5D1EFD8128D8D87E00A25072 /* LaunchScreen.storyboard */,
				5D1EFD8428D8D87E00A25072 /* Info.plist */,
				5D1EFD7C28D8D87D00A25072 /* appbox.xcdatamodeld */,
			);
			path = appbox;
			sourceTree = "<group>";
		};
		5D1EFD8C28D8D87E00A25072 /* appboxTests */ = {
			isa = PBXGroup;
			children = (
				5D1EFD8D28D8D87E00A25072 /* appboxTests.swift */,
			);
			path = appboxTests;
			sourceTree = "<group>";
		};
		5D1EFD9628D8D87E00A25072 /* appboxUITests */ = {
			isa = PBXGroup;
			children = (
				5D1EFD9728D8D87E00A25072 /* appboxUITests.swift */,
				5D1EFD9928D8D87E00A25072 /* appboxUITestsLaunchTests.swift */,
			);
			path = appboxUITests;
			sourceTree = "<group>";
		};
		9EF0068D1A92590BD33A5FD7 /* Frameworks */ = {
			isa = PBXGroup;
			children = (
				D2FD906D83A258ABD572E119 /* Pods_appbox.framework */,
				151EF2ACF0E1ED586FACD88E /* Pods_appbox_appboxUITests.framework */,
				B6785D8B92C2E714F7A896AE /* Pods_appboxTests.framework */,
			);
			name = Frameworks;
			sourceTree = "<group>";
		};
		A3E466B61297ACB943C3B3D2 /* Pods */ = {
			isa = PBXGroup;
			children = (
				A9BA3EB12A1A9C0C4611BE52 /* Pods-appbox.debug.xcconfig */,
				CC7DB853CE8AD8A6782AC42A /* Pods-appbox.release.xcconfig */,
				B2725014E4F632B1C5AD20AA /* Pods-appbox-appboxUITests.debug.xcconfig */,
				14D141663FBA16BEAB8DC454 /* Pods-appbox-appboxUITests.release.xcconfig */,
				4AB111379C214E539435CD93 /* Pods-appboxTests.debug.xcconfig */,
				840741529269A7FA83FA0267 /* Pods-appboxTests.release.xcconfig */,
			);
			name = Pods;
			path = Pods;
			sourceTree = "<group>";
		};
/* End PBXGroup section */

/* Begin PBXNativeTarget section */
		5D1EFD6F28D8D87D00A25072 /* appbox */ = {
			isa = PBXNativeTarget;
			buildConfigurationList = 5D1EFD9D28D8D87E00A25072 /* Build configuration list for PBXNativeTarget "appbox" */;
			buildPhases = (
				2672384E659D3D68803AABCD /* [CP] Check Pods Manifest.lock */,
				5D1EFD6C28D8D87D00A25072 /* Sources */,
				5D1EFD6D28D8D87D00A25072 /* Frameworks */,
				5D1EFD6E28D8D87D00A25072 /* Resources */,
				DE9229C7185B5F2B80EA3C59 /* [CP] Embed Pods Frameworks */,
			);
			buildRules = (
			);
			dependencies = (
			);
			name = appbox;
			productName = appbox;
			productReference = 5D1EFD7028D8D87D00A25072 /* appbox.app */;
			productType = "com.apple.product-type.application";
		};
		5D1EFD8828D8D87E00A25072 /* appboxTests */ = {
			isa = PBXNativeTarget;
			buildConfigurationList = 5D1EFDA028D8D87E00A25072 /* Build configuration list for PBXNativeTarget "appboxTests" */;
			buildPhases = (
				B8A46E0E352B67EEA37138A0 /* [CP] Check Pods Manifest.lock */,
				5D1EFD8528D8D87E00A25072 /* Sources */,
				5D1EFD8628D8D87E00A25072 /* Frameworks */,
				5D1EFD8728D8D87E00A25072 /* Resources */,
			);
			buildRules = (
			);
			dependencies = (
				5D1EFD8B28D8D87E00A25072 /* PBXTargetDependency */,
			);
			name = appboxTests;
			productName = appboxTests;
			productReference = 5D1EFD8928D8D87E00A25072 /* appboxTests.xctest */;
			productType = "com.apple.product-type.bundle.unit-test";
		};
		5D1EFD9228D8D87E00A25072 /* appboxUITests */ = {
			isa = PBXNativeTarget;
			buildConfigurationList = 5D1EFDA328D8D87E00A25072 /* Build configuration list for PBXNativeTarget "appboxUITests" */;
			buildPhases = (
				BC144A53368981578A23FD78 /* [CP] Check Pods Manifest.lock */,
				5D1EFD8F28D8D87E00A25072 /* Sources */,
				5D1EFD9028D8D87E00A25072 /* Frameworks */,
				5D1EFD9128D8D87E00A25072 /* Resources */,
				27A9C4682E88E9396FEDD2AA /* [CP] Embed Pods Frameworks */,
			);
			buildRules = (
			);
			dependencies = (
				5D1EFD9528D8D87E00A25072 /* PBXTargetDependency */,
			);
			name = appboxUITests;
			productName = appboxUITests;
			productReference = 5D1EFD9328D8D87E00A25072 /* appboxUITests.xctest */;
			productType = "com.apple.product-type.bundle.ui-testing";
		};
/* End PBXNativeTarget section */

/* Begin PBXProject section */
		5D1EFD6828D8D87D00A25072 /* Project object */ = {
			isa = PBXProject;
			attributes = {
				BuildIndependentTargetsInParallel = 1;
				LastSwiftUpdateCheck = 1400;
				LastUpgradeCheck = 1400;
				TargetAttributes = {
					5D1EFD6F28D8D87D00A25072 = {
						CreatedOnToolsVersion = 14.0;
					};
					5D1EFD8828D8D87E00A25072 = {
						CreatedOnToolsVersion = 14.0;
						TestTargetID = 5D1EFD6F28D8D87D00A25072;
					};
					5D1EFD9228D8D87E00A25072 = {
						CreatedOnToolsVersion = 14.0;
						TestTargetID = 5D1EFD6F28D8D87D00A25072;
					};
				};
			};
			buildConfigurationList = 5D1EFD6B28D8D87D00A25072 /* Build configuration list for PBXProject "appbox" */;
			compatibilityVersion = "Xcode 13.0";
			developmentRegion = en;
			hasScannedForEncodings = 0;
			knownRegions = (
				en,
				Base,
			);
			mainGroup = 5D1EFD6728D8D87D00A25072;
			productRefGroup = 5D1EFD7128D8D87D00A25072 /* Products */;
			projectDirPath = "";
			projectRoot = "";
			targets = (
				5D1EFD6F28D8D87D00A25072 /* appbox */,
				5D1EFD8828D8D87E00A25072 /* appboxTests */,
				5D1EFD9228D8D87E00A25072 /* appboxUITests */,
			);
		};
/* End PBXProject section */

/* Begin PBXResourcesBuildPhase section */
		5D1EFD6E28D8D87D00A25072 /* Resources */ = {
			isa = PBXResourcesBuildPhase;
			buildActionMask = 2147483647;
			files = (
				5D1EFD8328D8D87E00A25072 /* LaunchScreen.storyboard in Resources */,
				5D1EFD8028D8D87E00A25072 /* Assets.xcassets in Resources */,
			);
			runOnlyForDeploymentPostprocessing = 0;
		};
		5D1EFD8728D8D87E00A25072 /* Resources */ = {
			isa = PBXResourcesBuildPhase;
			buildActionMask = 2147483647;
			files = (
			);
			runOnlyForDeploymentPostprocessing = 0;
		};
		5D1EFD9128D8D87E00A25072 /* Resources */ = {
			isa = PBXResourcesBuildPhase;
			buildActionMask = 2147483647;
			files = (
			);
			runOnlyForDeploymentPostprocessing = 0;
		};
/* End PBXResourcesBuildPhase section */

/* Begin PBXShellScriptBuildPhase section */
		2672384E659D3D68803AABCD /* [CP] Check Pods Manifest.lock */ = {
			isa = PBXShellScriptBuildPhase;
			buildActionMask = 2147483647;
			files = (
			);
			inputFileListPaths = (
			);
			inputPaths = (
				"${PODS_PODFILE_DIR_PATH}/Podfile.lock",
				"${PODS_ROOT}/Manifest.lock",
			);
			name = "[CP] Check Pods Manifest.lock";
			outputFileListPaths = (
			);
			outputPaths = (
				"$(DERIVED_FILE_DIR)/Pods-appbox-checkManifestLockResult.txt",
			);
			runOnlyForDeploymentPostprocessing = 0;
			shellPath = /bin/sh;
			shellScript = "diff \"${PODS_PODFILE_DIR_PATH}/Podfile.lock\" \"${PODS_ROOT}/Manifest.lock\" > /dev/null\nif [ $? != 0 ] ; then\n    # print error to STDERR\n    echo \"error: The sandbox is not in sync with the Podfile.lock. Run 'pod install' or update your CocoaPods installation.\" >&2\n    exit 1\nfi\n# This output is used by Xcode 'outputs' to avoid re-running this script phase.\necho \"SUCCESS\" > \"${SCRIPT_OUTPUT_FILE_0}\"\n";
			showEnvVarsInLog = 0;
		};
		27A9C4682E88E9396FEDD2AA /* [CP] Embed Pods Frameworks */ = {
			isa = PBXShellScriptBuildPhase;
			buildActionMask = 2147483647;
			files = (
			);
			inputFileListPaths = (
				"${PODS_ROOT}/Target Support Files/Pods-appbox-appboxUITests/Pods-appbox-appboxUITests-frameworks-${CONFIGURATION}-input-files.xcfilelist",
			);
			name = "[CP] Embed Pods Frameworks";
			outputFileListPaths = (
				"${PODS_ROOT}/Target Support Files/Pods-appbox-appboxUITests/Pods-appbox-appboxUITests-frameworks-${CONFIGURATION}-output-files.xcfilelist",
			);
			runOnlyForDeploymentPostprocessing = 0;
			shellPath = /bin/sh;
			shellScript = "\"${PODS_ROOT}/Target Support Files/Pods-appbox-appboxUITests/Pods-appbox-appboxUITests-frameworks.sh\"\n";
			showEnvVarsInLog = 0;
		};
		B8A46E0E352B67EEA37138A0 /* [CP] Check Pods Manifest.lock */ = {
			isa = PBXShellScriptBuildPhase;
			buildActionMask = 2147483647;
			files = (
			);
			inputFileListPaths = (
			);
			inputPaths = (
				"${PODS_PODFILE_DIR_PATH}/Podfile.lock",
				"${PODS_ROOT}/Manifest.lock",
			);
			name = "[CP] Check Pods Manifest.lock";
			outputFileListPaths = (
			);
			outputPaths = (
				"$(DERIVED_FILE_DIR)/Pods-appboxTests-checkManifestLockResult.txt",
			);
			runOnlyForDeploymentPostprocessing = 0;
			shellPath = /bin/sh;
			shellScript = "diff \"${PODS_PODFILE_DIR_PATH}/Podfile.lock\" \"${PODS_ROOT}/Manifest.lock\" > /dev/null\nif [ $? != 0 ] ; then\n    # print error to STDERR\n    echo \"error: The sandbox is not in sync with the Podfile.lock. Run 'pod install' or update your CocoaPods installation.\" >&2\n    exit 1\nfi\n# This output is used by Xcode 'outputs' to avoid re-running this script phase.\necho \"SUCCESS\" > \"${SCRIPT_OUTPUT_FILE_0}\"\n";
			showEnvVarsInLog = 0;
		};
		BC144A53368981578A23FD78 /* [CP] Check Pods Manifest.lock */ = {
			isa = PBXShellScriptBuildPhase;
			buildActionMask = 2147483647;
			files = (
			);
			inputFileListPaths = (
			);
			inputPaths = (
				"${PODS_PODFILE_DIR_PATH}/Podfile.lock",
				"${PODS_ROOT}/Manifest.lock",
			);
			name = "[CP] Check Pods Manifest.lock";
			outputFileListPaths = (
			);
			outputPaths = (
				"$(DERIVED_FILE_DIR)/Pods-appbox-appboxUITests-checkManifestLockResult.txt",
			);
			runOnlyForDeploymentPostprocessing = 0;
			shellPath = /bin/sh;
			shellScript = "diff \"${PODS_PODFILE_DIR_PATH}/Podfile.lock\" \"${PODS_ROOT}/Manifest.lock\" > /dev/null\nif [ $? != 0 ] ; then\n    # print error to STDERR\n    echo \"error: The sandbox is not in sync with the Podfile.lock. Run 'pod install' or update your CocoaPods installation.\" >&2\n    exit 1\nfi\n# This output is used by Xcode 'outputs' to avoid re-running this script phase.\necho \"SUCCESS\" > \"${SCRIPT_OUTPUT_FILE_0}\"\n";
			showEnvVarsInLog = 0;
		};
		DE9229C7185B5F2B80EA3C59 /* [CP] Embed Pods Frameworks */ = {
			isa = PBXShellScriptBuildPhase;
			buildActionMask = 2147483647;
			files = (
			);
			inputFileListPaths = (
				"${PODS_ROOT}/Target Support Files/Pods-appbox/Pods-appbox-frameworks-${CONFIGURATION}-input-files.xcfilelist",
			);
			name = "[CP] Embed Pods Frameworks";
			outputFileListPaths = (
				"${PODS_ROOT}/Target Support Files/Pods-appbox/Pods-appbox-frameworks-${CONFIGURATION}-output-files.xcfilelist",
			);
			runOnlyForDeploymentPostprocessing = 0;
			shellPath = /bin/sh;
			shellScript = "\"${PODS_ROOT}/Target Support Files/Pods-appbox/Pods-appbox-frameworks.sh\"\n";
			showEnvVarsInLog = 0;
		};
/* End PBXShellScriptBuildPhase section */

/* Begin PBXSourcesBuildPhase section */
		5D1EFD6C28D8D87D00A25072 /* Sources */ = {
			isa = PBXSourcesBuildPhase;
			buildActionMask = 2147483647;
			files = (
				5D1EFD7828D8D87D00A25072 /* LoginVC.swift in Sources */,
				5D1EFD7E28D8D87D00A25072 /* appbox.xcdatamodeld in Sources */,
				5D1EFD7428D8D87D00A25072 /* AppDelegate.swift in Sources */,
				5D1EFD7628D8D87D00A25072 /* SceneDelegate.swift in Sources */,
				5D1EFDA728D8DBD400A25072 /* LoginScreen.swift in Sources */,
			);
			runOnlyForDeploymentPostprocessing = 0;
		};
		5D1EFD8528D8D87E00A25072 /* Sources */ = {
			isa = PBXSourcesBuildPhase;
			buildActionMask = 2147483647;
			files = (
				5D1EFD8E28D8D87E00A25072 /* appboxTests.swift in Sources */,
			);
			runOnlyForDeploymentPostprocessing = 0;
		};
		5D1EFD8F28D8D87E00A25072 /* Sources */ = {
			isa = PBXSourcesBuildPhase;
			buildActionMask = 2147483647;
			files = (
				5D1EFD9A28D8D87E00A25072 /* appboxUITestsLaunchTests.swift in Sources */,
				5D1EFD9828D8D87E00A25072 /* appboxUITests.swift in Sources */,
			);
			runOnlyForDeploymentPostprocessing = 0;
		};
/* End PBXSourcesBuildPhase section */

/* Begin PBXTargetDependency section */
		5D1EFD8B28D8D87E00A25072 /* PBXTargetDependency */ = {
			isa = PBXTargetDependency;
			target = 5D1EFD6F28D8D87D00A25072 /* appbox */;
			targetProxy = 5D1EFD8A28D8D87E00A25072 /* PBXContainerItemProxy */;
		};
		5D1EFD9528D8D87E00A25072 /* PBXTargetDependency */ = {
			isa = PBXTargetDependency;
			target = 5D1EFD6F28D8D87D00A25072 /* appbox */;
			targetProxy = 5D1EFD9428D8D87E00A25072 /* PBXContainerItemProxy */;
		};
/* End PBXTargetDependency section */

/* Begin PBXVariantGroup section */
		5D1EFD8128D8D87E00A25072 /* LaunchScreen.storyboard */ = {
			isa = PBXVariantGroup;
			children = (
				5D1EFD8228D8D87E00A25072 /* Base */,
			);
			name = LaunchScreen.storyboard;
			sourceTree = "<group>";
		};
/* End PBXVariantGroup section */

/* Begin XCBuildConfiguration section */
		5D1EFD9B28D8D87E00A25072 /* Debug */ = {
			isa = XCBuildConfiguration;
			buildSettings = {
				ALWAYS_SEARCH_USER_PATHS = NO;
				CLANG_ANALYZER_NONNULL = YES;
				CLANG_ANALYZER_NUMBER_OBJECT_CONVERSION = YES_AGGRESSIVE;
				CLANG_CXX_LANGUAGE_STANDARD = "gnu++20";
				CLANG_ENABLE_MODULES = YES;
				CLANG_ENABLE_OBJC_ARC = YES;
				CLANG_ENABLE_OBJC_WEAK = YES;
				CLANG_WARN_BLOCK_CAPTURE_AUTORELEASING = YES;
				CLANG_WARN_BOOL_CONVERSION = YES;
				CLANG_WARN_COMMA = YES;
				CLANG_WARN_CONSTANT_CONVERSION = YES;
				CLANG_WARN_DEPRECATED_OBJC_IMPLEMENTATIONS = YES;
				CLANG_WARN_DIRECT_OBJC_ISA_USAGE = YES_ERROR;
				CLANG_WARN_DOCUMENTATION_COMMENTS = YES;
				CLANG_WARN_EMPTY_BODY = YES;
				CLANG_WARN_ENUM_CONVERSION = YES;
				CLANG_WARN_INFINITE_RECURSION = YES;
				CLANG_WARN_INT_CONVERSION = YES;
				CLANG_WARN_NON_LITERAL_NULL_CONVERSION = YES;
				CLANG_WARN_OBJC_IMPLICIT_RETAIN_SELF = YES;
				CLANG_WARN_OBJC_LITERAL_CONVERSION = YES;
				CLANG_WARN_OBJC_ROOT_CLASS = YES_ERROR;
				CLANG_WARN_QUOTED_INCLUDE_IN_FRAMEWORK_HEADER = YES;
				CLANG_WARN_RANGE_LOOP_ANALYSIS = YES;
				CLANG_WARN_STRICT_PROTOTYPES = YES;
				CLANG_WARN_SUSPICIOUS_MOVE = YES;
				CLANG_WARN_UNGUARDED_AVAILABILITY = YES_AGGRESSIVE;
				CLANG_WARN_UNREACHABLE_CODE = YES;
				CLANG_WARN__DUPLICATE_METHOD_MATCH = YES;
				COPY_PHASE_STRIP = NO;
				DEBUG_INFORMATION_FORMAT = dwarf;
				ENABLE_STRICT_OBJC_MSGSEND = YES;
				ENABLE_TESTABILITY = YES;
				GCC_C_LANGUAGE_STANDARD = gnu11;
				GCC_DYNAMIC_NO_PIC = NO;
				GCC_NO_COMMON_BLOCKS = YES;
				GCC_OPTIMIZATION_LEVEL = 0;
				GCC_PREPROCESSOR_DEFINITIONS = (
					"DEBUG=1",
					"$(inherited)",
				);
				GCC_WARN_64_TO_32_BIT_CONVERSION = YES;
				GCC_WARN_ABOUT_RETURN_TYPE = YES_ERROR;
				GCC_WARN_UNDECLARED_SELECTOR = YES;
				GCC_WARN_UNINITIALIZED_AUTOS = YES_AGGRESSIVE;
				GCC_WARN_UNUSED_FUNCTION = YES;
				GCC_WARN_UNUSED_VARIABLE = YES;
				IPHONEOS_DEPLOYMENT_TARGET = 16.0;
				MTL_ENABLE_DEBUG_INFO = INCLUDE_SOURCE;
				MTL_FAST_MATH = YES;
				ONLY_ACTIVE_ARCH = YES;
				SDKROOT = iphoneos;
				SWIFT_ACTIVE_COMPILATION_CONDITIONS = DEBUG;
				SWIFT_OPTIMIZATION_LEVEL = "-Onone";
			};
			name = Debug;
		};
		5D1EFD9C28D8D87E00A25072 /* Release */ = {
			isa = XCBuildConfiguration;
			buildSettings = {
				ALWAYS_SEARCH_USER_PATHS = NO;
				CLANG_ANALYZER_NONNULL = YES;
				CLANG_ANALYZER_NUMBER_OBJECT_CONVERSION = YES_AGGRESSIVE;
				CLANG_CXX_LANGUAGE_STANDARD = "gnu++20";
				CLANG_ENABLE_MODULES = YES;
				CLANG_ENABLE_OBJC_ARC = YES;
				CLANG_ENABLE_OBJC_WEAK = YES;
				CLANG_WARN_BLOCK_CAPTURE_AUTORELEASING = YES;
				CLANG_WARN_BOOL_CONVERSION = YES;
				CLANG_WARN_COMMA = YES;
				CLANG_WARN_CONSTANT_CONVERSION = YES;
				CLANG_WARN_DEPRECATED_OBJC_IMPLEMENTATIONS = YES;
				CLANG_WARN_DIRECT_OBJC_ISA_USAGE = YES_ERROR;
				CLANG_WARN_DOCUMENTATION_COMMENTS = YES;
				CLANG_WARN_EMPTY_BODY = YES;
				CLANG_WARN_ENUM_CONVERSION = YES;
				CLANG_WARN_INFINITE_RECURSION = YES;
				CLANG_WARN_INT_CONVERSION = YES;
				CLANG_WARN_NON_LITERAL_NULL_CONVERSION = YES;
				CLANG_WARN_OBJC_IMPLICIT_RETAIN_SELF = YES;
				CLANG_WARN_OBJC_LITERAL_CONVERSION = YES;
				CLANG_WARN_OBJC_ROOT_CLASS = YES_ERROR;
				CLANG_WARN_QUOTED_INCLUDE_IN_FRAMEWORK_HEADER = YES;
				CLANG_WARN_RANGE_LOOP_ANALYSIS = YES;
				CLANG_WARN_STRICT_PROTOTYPES = YES;
				CLANG_WARN_SUSPICIOUS_MOVE = YES;
				CLANG_WARN_UNGUARDED_AVAILABILITY = YES_AGGRESSIVE;
				CLANG_WARN_UNREACHABLE_CODE = YES;
				CLANG_WARN__DUPLICATE_METHOD_MATCH = YES;
				COPY_PHASE_STRIP = NO;
				DEBUG_INFORMATION_FORMAT = "dwarf-with-dsym";
				ENABLE_NS_ASSERTIONS = NO;
				ENABLE_STRICT_OBJC_MSGSEND = YES;
				GCC_C_LANGUAGE_STANDARD = gnu11;
				GCC_NO_COMMON_BLOCKS = YES;
				GCC_WARN_64_TO_32_BIT_CONVERSION = YES;
				GCC_WARN_ABOUT_RETURN_TYPE = YES_ERROR;
				GCC_WARN_UNDECLARED_SELECTOR = YES;
				GCC_WARN_UNINITIALIZED_AUTOS = YES_AGGRESSIVE;
				GCC_WARN_UNUSED_FUNCTION = YES;
				GCC_WARN_UNUSED_VARIABLE = YES;
				IPHONEOS_DEPLOYMENT_TARGET = 16.0;
				MTL_ENABLE_DEBUG_INFO = NO;
				MTL_FAST_MATH = YES;
				SDKROOT = iphoneos;
				SWIFT_COMPILATION_MODE = wholemodule;
				SWIFT_OPTIMIZATION_LEVEL = "-O";
				VALIDATE_PRODUCT = YES;
			};
			name = Release;
		};
		5D1EFD9E28D8D87E00A25072 /* Debug */ = {
			isa = XCBuildConfiguration;
			baseConfigurationReference = A9BA3EB12A1A9C0C4611BE52 /* Pods-appbox.debug.xcconfig */;
			buildSettings = {
				ASSETCATALOG_COMPILER_APPICON_NAME = AppIcon;
				ASSETCATALOG_COMPILER_GLOBAL_ACCENT_COLOR_NAME = AccentColor;
				CODE_SIGN_STYLE = Automatic;
				CURRENT_PROJECT_VERSION = 1;
				DEVELOPMENT_TEAM = 5ECG8ZETZW;
				GENERATE_INFOPLIST_FILE = YES;
				INFOPLIST_FILE = appbox/Info.plist;
				INFOPLIST_KEY_CFBundleDisplayName = "Safe Box";
				INFOPLIST_KEY_UIApplicationSupportsIndirectInputEvents = YES;
				INFOPLIST_KEY_UILaunchStoryboardName = LaunchScreen;
				INFOPLIST_KEY_UIMainStoryboardFile = "";
				INFOPLIST_KEY_UISupportedInterfaceOrientations_iPad = "UIInterfaceOrientationPortrait UIInterfaceOrientationPortraitUpsideDown UIInterfaceOrientationLandscapeLeft UIInterfaceOrientationLandscapeRight";
				INFOPLIST_KEY_UISupportedInterfaceOrientations_iPhone = "UIInterfaceOrientationPortrait UIInterfaceOrientationLandscapeLeft UIInterfaceOrientationLandscapeRight";
				LD_RUNPATH_SEARCH_PATHS = (
					"$(inherited)",
					"@executable_path/Frameworks",
				);
				MARKETING_VERSION = 1.0;
				PRODUCT_BUNDLE_IDENTIFIER = br.com.jorgechiarelli.appbox;
				PRODUCT_NAME = "$(TARGET_NAME)";
				SUPPORTED_PLATFORMS = "iphoneos iphonesimulator";
				SUPPORTS_MACCATALYST = NO;
				SUPPORTS_MAC_DESIGNED_FOR_IPHONE_IPAD = NO;
				SWIFT_EMIT_LOC_STRINGS = YES;
				SWIFT_VERSION = 5.0;
				TARGETED_DEVICE_FAMILY = 1;
			};
			name = Debug;
		};
		5D1EFD9F28D8D87E00A25072 /* Release */ = {
			isa = XCBuildConfiguration;
			baseConfigurationReference = CC7DB853CE8AD8A6782AC42A /* Pods-appbox.release.xcconfig */;
			buildSettings = {
				ASSETCATALOG_COMPILER_APPICON_NAME = AppIcon;
				ASSETCATALOG_COMPILER_GLOBAL_ACCENT_COLOR_NAME = AccentColor;
				CODE_SIGN_STYLE = Automatic;
				CURRENT_PROJECT_VERSION = 1;
				DEVELOPMENT_TEAM = 5ECG8ZETZW;
				GENERATE_INFOPLIST_FILE = YES;
				INFOPLIST_FILE = appbox/Info.plist;
				INFOPLIST_KEY_CFBundleDisplayName = "Safe Box";
				INFOPLIST_KEY_UIApplicationSupportsIndirectInputEvents = YES;
				INFOPLIST_KEY_UILaunchStoryboardName = LaunchScreen;
				INFOPLIST_KEY_UIMainStoryboardFile = "";
				INFOPLIST_KEY_UISupportedInterfaceOrientations_iPad = "UIInterfaceOrientationPortrait UIInterfaceOrientationPortraitUpsideDown UIInterfaceOrientationLandscapeLeft UIInterfaceOrientationLandscapeRight";
				INFOPLIST_KEY_UISupportedInterfaceOrientations_iPhone = "UIInterfaceOrientationPortrait UIInterfaceOrientationLandscapeLeft UIInterfaceOrientationLandscapeRight";
				LD_RUNPATH_SEARCH_PATHS = (
					"$(inherited)",
					"@executable_path/Frameworks",
				);
				MARKETING_VERSION = 1.0;
				PRODUCT_BUNDLE_IDENTIFIER = br.com.jorgechiarelli.appbox;
				PRODUCT_NAME = "$(TARGET_NAME)";
				SUPPORTED_PLATFORMS = "iphoneos iphonesimulator";
				SUPPORTS_MACCATALYST = NO;
				SUPPORTS_MAC_DESIGNED_FOR_IPHONE_IPAD = NO;
				SWIFT_EMIT_LOC_STRINGS = YES;
				SWIFT_VERSION = 5.0;
				TARGETED_DEVICE_FAMILY = 1;
			};
			name = Release;
		};
		5D1EFDA128D8D87E00A25072 /* Debug */ = {
			isa = XCBuildConfiguration;
			baseConfigurationReference = 4AB111379C214E539435CD93 /* Pods-appboxTests.debug.xcconfig */;
			buildSettings = {
				ALWAYS_EMBED_SWIFT_STANDARD_LIBRARIES = YES;
				BUNDLE_LOADER = "$(TEST_HOST)";
				CODE_SIGN_STYLE = Automatic;
				CURRENT_PROJECT_VERSION = 1;
				DEVELOPMENT_TEAM = 5ECG8ZETZW;
				GENERATE_INFOPLIST_FILE = YES;
				IPHONEOS_DEPLOYMENT_TARGET = 16.0;
				MARKETING_VERSION = 1.0;
				PRODUCT_BUNDLE_IDENTIFIER = br.com.jorgechiarelli.appboxTests;
				PRODUCT_NAME = "$(TARGET_NAME)";
				SWIFT_EMIT_LOC_STRINGS = NO;
				SWIFT_VERSION = 5.0;
				TARGETED_DEVICE_FAMILY = "1,2";
				TEST_HOST = "$(BUILT_PRODUCTS_DIR)/appbox.app/$(BUNDLE_EXECUTABLE_FOLDER_PATH)/appbox";
			};
			name = Debug;
		};
		5D1EFDA228D8D87E00A25072 /* Release */ = {
			isa = XCBuildConfiguration;
			baseConfigurationReference = 840741529269A7FA83FA0267 /* Pods-appboxTests.release.xcconfig */;
			buildSettings = {
				ALWAYS_EMBED_SWIFT_STANDARD_LIBRARIES = YES;
				BUNDLE_LOADER = "$(TEST_HOST)";
				CODE_SIGN_STYLE = Automatic;
				CURRENT_PROJECT_VERSION = 1;
				DEVELOPMENT_TEAM = 5ECG8ZETZW;
				GENERATE_INFOPLIST_FILE = YES;
				IPHONEOS_DEPLOYMENT_TARGET = 16.0;
				MARKETING_VERSION = 1.0;
				PRODUCT_BUNDLE_IDENTIFIER = br.com.jorgechiarelli.appboxTests;
				PRODUCT_NAME = "$(TARGET_NAME)";
				SWIFT_EMIT_LOC_STRINGS = NO;
				SWIFT_VERSION = 5.0;
				TARGETED_DEVICE_FAMILY = "1,2";
				TEST_HOST = "$(BUILT_PRODUCTS_DIR)/appbox.app/$(BUNDLE_EXECUTABLE_FOLDER_PATH)/appbox";
			};
			name = Release;
		};
		5D1EFDA428D8D87E00A25072 /* Debug */ = {
			isa = XCBuildConfiguration;
			baseConfigurationReference = B2725014E4F632B1C5AD20AA /* Pods-appbox-appboxUITests.debug.xcconfig */;
			buildSettings = {
				ALWAYS_EMBED_SWIFT_STANDARD_LIBRARIES = YES;
				CODE_SIGN_STYLE = Automatic;
				CURRENT_PROJECT_VERSION = 1;
				DEVELOPMENT_TEAM = 5ECG8ZETZW;
				GENERATE_INFOPLIST_FILE = YES;
				MARKETING_VERSION = 1.0;
				PRODUCT_BUNDLE_IDENTIFIER = br.com.jorgechiarelli.appboxUITests;
				PRODUCT_NAME = "$(TARGET_NAME)";
				SWIFT_EMIT_LOC_STRINGS = NO;
				SWIFT_VERSION = 5.0;
				TARGETED_DEVICE_FAMILY = "1,2";
				TEST_TARGET_NAME = appbox;
			};
			name = Debug;
		};
		5D1EFDA528D8D87E00A25072 /* Release */ = {
			isa = XCBuildConfiguration;
			baseConfigurationReference = 14D141663FBA16BEAB8DC454 /* Pods-appbox-appboxUITests.release.xcconfig */;
			buildSettings = {
				ALWAYS_EMBED_SWIFT_STANDARD_LIBRARIES = YES;
				CODE_SIGN_STYLE = Automatic;
				CURRENT_PROJECT_VERSION = 1;
				DEVELOPMENT_TEAM = 5ECG8ZETZW;
				GENERATE_INFOPLIST_FILE = YES;
				MARKETING_VERSION = 1.0;
				PRODUCT_BUNDLE_IDENTIFIER = br.com.jorgechiarelli.appboxUITests;
				PRODUCT_NAME = "$(TARGET_NAME)";
				SWIFT_EMIT_LOC_STRINGS = NO;
				SWIFT_VERSION = 5.0;
				TARGETED_DEVICE_FAMILY = "1,2";
				TEST_TARGET_NAME = appbox;
			};
			name = Release;
		};
/* End XCBuildConfiguration section */

/* Begin XCConfigurationList section */
		5D1EFD6B28D8D87D00A25072 /* Build configuration list for PBXProject "appbox" */ = {
			isa = XCConfigurationList;
			buildConfigurations = (
				5D1EFD9B28D8D87E00A25072 /* Debug */,
				5D1EFD9C28D8D87E00A25072 /* Release */,
			);
			defaultConfigurationIsVisible = 0;
			defaultConfigurationName = Release;
		};
		5D1EFD9D28D8D87E00A25072 /* Build configuration list for PBXNativeTarget "appbox" */ = {
			isa = XCConfigurationList;
			buildConfigurations = (
				5D1EFD9E28D8D87E00A25072 /* Debug */,
				5D1EFD9F28D8D87E00A25072 /* Release */,
			);
			defaultConfigurationIsVisible = 0;
			defaultConfigurationName = Release;
		};
		5D1EFDA028D8D87E00A25072 /* Build configuration list for PBXNativeTarget "appboxTests" */ = {
			isa = XCConfigurationList;
			buildConfigurations = (
				5D1EFDA128D8D87E00A25072 /* Debug */,
				5D1EFDA228D8D87E00A25072 /* Release */,
			);
			defaultConfigurationIsVisible = 0;
			defaultConfigurationName = Release;
		};
		5D1EFDA328D8D87E00A25072 /* Build configuration list for PBXNativeTarget "appboxUITests" */ = {
			isa = XCConfigurationList;
			buildConfigurations = (
				5D1EFDA428D8D87E00A25072 /* Debug */,
				5D1EFDA528D8D87E00A25072 /* Release */,
			);
			defaultConfigurationIsVisible = 0;
			defaultConfigurationName = Release;
		};
/* End XCConfigurationList section */

/* Begin XCVersionGroup section */
		5D1EFD7C28D8D87D00A25072 /* appbox.xcdatamodeld */ = {
			isa = XCVersionGroup;
			children = (
				5D1EFD7D28D8D87D00A25072 /* appbox.xcdatamodel */,
			);
			currentVersion = 5D1EFD7D28D8D87D00A25072 /* appbox.xcdatamodel */;
			path = appbox.xcdatamodeld;
			sourceTree = "<group>";
			versionGroupType = wrapper.xcdatamodel;
		};
/* End XCVersionGroup section */
	};
	rootObject = 5D1EFD6828D8D87D00A25072 /* Project object */;
}
